{
  "requires": true,
  "lockfileVersion": 1,
  "dependencies": {
    "eslint-config-mdcs": {
      "version": "4.2.3",
      "resolved": "https://registry.npmjs.org/eslint-config-mdcs/-/eslint-config-mdcs-4.2.3.tgz",
      "integrity": "sha512-pSiX8roIR7KVZeKBrzQUiRAr2jxLn0H8WUHHCgq2TdoVGSLk/GRNeB78WG1IZnTwENgtSgDtMXq7/UVDBXls+Q==",
      "dev": true
    }
  }
}
