
Microsoft Visual Studio Solution File, Format Version 12.00
# Visual Studio 15
VisualStudioVersion = 15.0.28307.329
MinimumVisualStudioVersion = 10.0.40219.1
Project("{8BC9CEB8-8B4A-11D0-8D11-00A0C91BC942}") = "struct-sizes", "struct-sizes\struct-sizes.vcxproj", "{868EF4C8-2315-4DE2-B1B3-8CCE41F9232D}"
EndProject
Global
	GlobalSection(SolutionConfigurationPlatforms) = preSolution
		Debug|x64 = Debug|x64
		Debug|x86 = Debug|x86
		Release|x64 = Release|x64
		Release|x86 = Release|x86
	EndGlobalSection
	GlobalSection(ProjectConfigurationPlatforms) = postSolution
		{868EF4C8-2315-4DE2-B1B3-8CCE41F9232D}.Debug|x64.ActiveCfg = Debug|x64
		{868EF4C8-2315-4DE2-B1B3-8CCE41F9232D}.Debug|x64.Build.0 = Debug|x64
		{868EF4C8-2315-4DE2-B1B3-8CCE41F9232D}.Debug|x86.ActiveCfg = Debug|Win32
		{868EF4C8-2315-4DE2-B1B3-8CCE41F9232D}.Debug|x86.Build.0 = Debug|Win32
		{868EF4C8-2315-4DE2-B1B3-8CCE41F9232D}.Release|x64.ActiveCfg = Release|x64
		{868EF4C8-2315-4DE2-B1B3-8CCE41F9232D}.Release|x64.Build.0 = Release|x64
		{868EF4C8-2315-4DE2-B1B3-8CCE41F9232D}.Release|x86.ActiveCfg = Release|Win32
		{868EF4C8-2315-4DE2-B1B3-8CCE41F9232D}.Release|x86.Build.0 = Release|Win32
	EndGlobalSection
	GlobalSection(SolutionProperties) = preSolution
		HideSolutionNode = FALSE
	EndGlobalSection
	GlobalSection(ExtensibilityGlobals) = postSolution
		SolutionGuid = {3B70F73E-DEB7-4104-8CAF-BE299EB46BF2}
	EndGlobalSection
EndGlobal
